
Microsoft Visual Studio Solution File, Format Version 12.00
# Visual Studio 15
VisualStudioVersion = 15.0.28307.1169
MinimumVisualStudioVersion = 10.0.40219.1
Project("{9A19103F-16F7-4668-BE54-9A1E7A4F7556}") = "DBWorkAround", "DBWorkAround\DBWorkAround.csproj", "{F106B05B-4964-4A0B-931D-9D749E66A468}"
EndProject
Global
	GlobalSection(SolutionConfigurationPlatforms) = preSolution
		Debug|Any CPU = Debug|Any CPU
		Release|Any CPU = Release|Any CPU
	EndGlobalSection
	GlobalSection(ProjectConfigurationPlatforms) = postSolution
		{F106B05B-4964-4A0B-931D-9D749E66A468}.Debug|Any CPU.ActiveCfg = Debug|Any CPU
		{F106B05B-4964-4A0B-931D-9D749E66A468}.Debug|Any CPU.Build.0 = Debug|Any CPU
		{F106B05B-4964-4A0B-931D-9D749E66A468}.Release|Any CPU.ActiveCfg = Release|Any CPU
		{F106B05B-4964-4A0B-931D-9D749E66A468}.Release|Any CPU.Build.0 = Release|Any CPU
	EndGlobalSection
	GlobalSection(SolutionProperties) = preSolution
		HideSolutionNode = FALSE
	EndGlobalSection
	GlobalSection(ExtensibilityGlobals) = postSolution
		SolutionGuid = {26B974D7-7809-43EC-998F-5EEF6A81EC8D}
	EndGlobalSection
EndGlobal
